
Microsoft Visual Studio Solution File, Format Version 12.00
# Visual Studio Version 16
VisualStudioVersion = 16.0.34031.81
MinimumVisualStudioVersion = 10.0.40219.1
Project("{FAE04EC0-301F-11D3-BF4B-00C04F79EFBC}") = "cSharpSwapNumbers1", "cSharpSwapNumbers1\cSharpSwapNumbers1.csproj", "{AF073B29-844A-49C8-8252-3C31CDB77301}"
EndProject
Global
	GlobalSection(SolutionConfigurationPlatforms) = preSolution
		Debug|Any CPU = Debug|Any CPU
		Release|Any CPU = Release|Any CPU
	EndGlobalSection
	GlobalSection(ProjectConfigurationPlatforms) = postSolution
		{AF073B29-844A-49C8-8252-3C31CDB77301}.Debug|Any CPU.ActiveCfg = Debug|Any CPU
		{AF073B29-844A-49C8-8252-3C31CDB77301}.Debug|Any CPU.Build.0 = Debug|Any CPU
		{AF073B29-844A-49C8-8252-3C31CDB77301}.Release|Any CPU.ActiveCfg = Release|Any CPU
		{AF073B29-844A-49C8-8252-3C31CDB77301}.Release|Any CPU.Build.0 = Release|Any CPU
	EndGlobalSection
	GlobalSection(SolutionProperties) = preSolution
		HideSolutionNode = FALSE
	EndGlobalSection
	GlobalSection(ExtensibilityGlobals) = postSolution
		SolutionGuid = {DCB395DB-BEEA-4045-B03C-C198BB2A5334}
	EndGlobalSection
EndGlobal
